<?xml version="1.0" encoding="UTF-8"?>
<Scheme
   LastUpgradeVersion = "1430"
   version = "1.7">
   <BuildAction
      parallelizeBuildables = "YES"
      buildImplicitDependencies = "YES"
      runPostActionsOnFailure = "NO">
      <BuildActionEntries>
         <BuildActionEntry
            buildForTesting = "YES"
            buildForRunning = "YES"
            buildForProfiling = "YES"
            buildForArchiving = "YES"
            buildForAnalyzing = "YES">
            <BuildableReference
               BuildableIdentifier = "primary"
               BlueprintIdentifier = "F8FC40806923CE66A27B0AD9"
               BuildableName = "CodingOnTheGo.app"
               BlueprintName = "CodingOnTheGo"
               ReferencedContainer = "container:CodingOnTheGo.xcodeproj">
            </BuildableReference>
         </BuildActionEntry>
         <BuildActionEntry
            buildForTesting = "YES"
            buildForRunning = "NO"
            buildForProfiling = "NO"
            buildForArchiving = "NO"
            buildForAnalyzing = "NO">
            <BuildableReference
               BuildableIdentifier = "primary"
               BlueprintIdentifier = "ED34A18FEB8B572FFD247BA5"
               BuildableName = "CodingOnTheGoTests.xctest"
               BlueprintName = "CodingOnTheGoTests"
               ReferencedContainer = "container:CodingOnTheGo.xcodeproj">
            </BuildableReference>
         </BuildActionEntry>
         <BuildActionEntry
            buildForTesting = "YES"
            buildForRunning = "NO"
            buildForProfiling = "NO"
            buildForArchiving = "NO"
            buildForAnalyzing = "NO">
            <BuildableReference
               BuildableIdentifier = "primary"
               BlueprintIdentifier = "24F1FE59C514C1EC7695F067"
               BuildableName = "CodingOnTheGoUITests.xctest"
               BlueprintName = "CodingOnTheGoUITests"
               ReferencedContainer = "container:CodingOnTheGo.xcodeproj">
            </BuildableReference>
         </BuildActionEntry>
      </BuildActionEntries>
   </BuildAction>
   <TestAction
      buildConfiguration = "Debug"
      selectedDebuggerIdentifier = "Xcode.DebuggerFoundation.Debugger.LLDB"
      selectedLauncherIdentifier = "Xcode.DebuggerFoundation.Launcher.LLDB"
      shouldUseLaunchSchemeArgsEnv = "YES"
      onlyGenerateCoverageForSpecifiedTargets = "NO">
      <TestPlans>
         <TestPlanReference
            default = "YES"
            reference = "container:TestPlans/HostedSafe.xctestplan">
         </TestPlanReference>
         <TestPlanReference
            reference = "container:TestPlans/HostedExtended.xctestplan">
         </TestPlanReference>
         <TestPlanReference
            reference = "container:TestPlans/LocalIPadLayout.xctestplan">
         </TestPlanReference>
      </TestPlans>
      <MacroExpansion>
         <BuildableReference
            BuildableIdentifier = "primary"
            BlueprintIdentifier = "F8FC40806923CE66A27B0AD9"
            BuildableName = "CodingOnTheGo.app"
            BlueprintName = "CodingOnTheGo"
            ReferencedContainer = "container:CodingOnTheGo.xcodeproj">
         </BuildableReference>
      </MacroExpansion>
      <Testables>
         <TestableReference
            skipped = "NO"
            parallelizable = "NO">
            <BuildableReference
               BuildableIdentifier = "primary"
               BlueprintIdentifier = "ED34A18FEB8B572FFD247BA5"
               BuildableName = "CodingOnTheGoTests.xctest"
               BlueprintName = "CodingOnTheGoTests"
               ReferencedContainer = "container:CodingOnTheGo.xcodeproj">
            </BuildableReference>
         </TestableReference>
         <TestableReference
            skipped = "NO"
            parallelizable = "NO">
            <BuildableReference
               BuildableIdentifier = "primary"
               BlueprintIdentifier = "24F1FE59C514C1EC7695F067"
               BuildableName = "CodingOnTheGoUITests.xctest"
               BlueprintName = "CodingOnTheGoUITests"
               ReferencedContainer = "container:CodingOnTheGo.xcodeproj">
            </BuildableReference>
         </TestableReference>
         <TestableReference
            skipped = "NO"
            parallelizable = "NO">
            <BuildableReference
               BuildableIdentifier = "primary"
               BlueprintIdentifier = "EBE043A41B895C7FE6FBDEEE"
               BuildableName = "CodingOnTheGoPadUITests.xctest"
               BlueprintName = "CodingOnTheGoPadUITests"
               ReferencedContainer = "container:CodingOnTheGo.xcodeproj">
            </BuildableReference>
         </TestableReference>
      </Testables>
      <CommandLineArguments>
      </CommandLineArguments>
   </TestAction>
   <LaunchAction
      buildConfiguration = "Debug"
      selectedDebuggerIdentifier = "Xcode.DebuggerFoundation.Debugger.LLDB"
      selectedLauncherIdentifier = "Xcode.DebuggerFoundation.Launcher.LLDB"
      launchStyle = "0"
      useCustomWorkingDirectory = "NO"
      ignoresPersistentStateOnLaunch = "NO"
      debugDocumentVersioning = "YES"
      debugServiceExtension = "internal"
      allowLocationSimulation = "YES">
      <BuildableProductRunnable
         runnableDebuggingMode = "0">
         <BuildableReference
            BuildableIdentifier = "primary"
            BlueprintIdentifier = "F8FC40806923CE66A27B0AD9"
            BuildableName = "CodingOnTheGo.app"
            BlueprintName = "CodingOnTheGo"
            ReferencedContainer = "container:CodingOnTheGo.xcodeproj">
         </BuildableReference>
      </BuildableProductRunnable>
   </LaunchAction>
   <ProfileAction
      buildConfiguration = "Release"
      shouldUseLaunchSchemeArgsEnv = "YES"
      savedToolIdentifier = ""
      useCustomWorkingDirectory = "NO"
      debugDocumentVersioning = "YES">
      <BuildableProductRunnable
         runnableDebuggingMode = "0">
         <BuildableReference
            BuildableIdentifier = "primary"
            BlueprintIdentifier = "F8FC40806923CE66A27B0AD9"
            BuildableName = "CodingOnTheGo.app"
            BlueprintName = "CodingOnTheGo"
            ReferencedContainer = "container:CodingOnTheGo.xcodeproj">
         </BuildableReference>
      </BuildableProductRunnable>
   </ProfileAction>
   <AnalyzeAction
      buildConfiguration = "Debug">
   </AnalyzeAction>
   <ArchiveAction
      buildConfiguration = "Release"
      revealArchiveInOrganizer = "YES">
   </ArchiveAction>
</Scheme>
